// !$*UTF8*$!
{
	archiveVersion = 1;
	classes = {
	};
	objectVersion = 46;
	objects = {

/* Begin PBXBuildFile section */
		135E78671EC5D0E400886E54 /* DocumentPickerViewController.swift in Sources */ = {isa = PBXBuildFile; fileRef = 135E78661EC5D0E400886E54 /* DocumentPickerViewController.swift */; };
		135E786A1EC5D0E400886E54 /* MainInterface.storyboard in Resources */ = {isa = PBXBuildFile; fileRef = 135E78681EC5D0E400886E54 /* MainInterface.storyboard */; };
		135E78751EC5D0E400886E54 /* FileProvider.swift in Sources */ = {isa = PBXBuildFile; fileRef = 135E78741EC5D0E400886E54 /* FileProvider.swift */; };
		135E78791EC5D0E400886E54 /* CleverNotePickerFileProvider.appex in Embed App Extensions */ = {isa = PBXBuildFile; fileRef = 135E78701EC5D0E400886E54 /* CleverNotePickerFileProvider.appex */; settings = {ATTRIBUTES = (RemoveHeadersOnCopy, ); }; };
		135E787C1EC5D0E400886E54 /* CleverNotePicker.appex in Embed App Extensions */ = {isa = PBXBuildFile; fileRef = 135E78621EC5D0E400886E54 /* CleverNotePicker.appex */; settings = {ATTRIBUTES = (RemoveHeadersOnCopy, ); }; };
		135E78831EC5D24400886E54 /* Note.swift in Sources */ = {isa = PBXBuildFile; fileRef = 234AD5C61CA2D07A00D24AA9 /* Note.swift */; };
		135E78841EC5D24500886E54 /* Note.swift in Sources */ = {isa = PBXBuildFile; fileRef = 234AD5C61CA2D07A00D24AA9 /* Note.swift */; };
		234AD5B11CA2CDF300D24AA9 /* AppDelegate.swift in Sources */ = {isa = PBXBuildFile; fileRef = 234AD5B01CA2CDF300D24AA9 /* AppDelegate.swift */; };
		234AD5B61CA2CDF300D24AA9 /* Main.storyboard in Resources */ = {isa = PBXBuildFile; fileRef = 234AD5B41CA2CDF300D24AA9 /* Main.storyboard */; };
		234AD5B81CA2CDF300D24AA9 /* Assets.xcassets in Resources */ = {isa = PBXBuildFile; fileRef = 234AD5B71CA2CDF300D24AA9 /* Assets.xcassets */; };
		234AD5BB1CA2CDF300D24AA9 /* LaunchScreen.storyboard in Resources */ = {isa = PBXBuildFile; fileRef = 234AD5B91CA2CDF300D24AA9 /* LaunchScreen.storyboard */; };
		234AD5C31CA2CE5200D24AA9 /* NotesTableViewController.swift in Sources */ = {isa = PBXBuildFile; fileRef = 234AD5C21CA2CE5200D24AA9 /* NotesTableViewController.swift */; };
		234AD5C51CA2D01A00D24AA9 /* NoteViewController.swift in Sources */ = {isa = PBXBuildFile; fileRef = 234AD5C41CA2D01A00D24AA9 /* NoteViewController.swift */; };
		234AD5C71CA2D07A00D24AA9 /* Note.swift in Sources */ = {isa = PBXBuildFile; fileRef = 234AD5C61CA2D07A00D24AA9 /* Note.swift */; };
/* End PBXBuildFile section */

/* Begin PBXContainerItemProxy section */
		135E78771EC5D0E400886E54 /* PBXContainerItemProxy */ = {
			isa = PBXContainerItemProxy;
			containerPortal = 234AD5A51CA2CDF300D24AA9 /* Project object */;
			proxyType = 1;
			remoteGlobalIDString = 135E786F1EC5D0E400886E54;
			remoteInfo = CleverNotePickerFileProvider;
		};
		135E787A1EC5D0E400886E54 /* PBXContainerItemProxy */ = {
			isa = PBXContainerItemProxy;
			containerPortal = 234AD5A51CA2CDF300D24AA9 /* Project object */;
			proxyType = 1;
			remoteGlobalIDString = 135E78611EC5D0E400886E54;
			remoteInfo = CleverNotePicker;
		};
/* End PBXContainerItemProxy section */

/* Begin PBXCopyFilesBuildPhase section */
		234AD5F11CA2E4A200D24AA9 /* Embed App Extensions */ = {
			isa = PBXCopyFilesBuildPhase;
			buildActionMask = 2147483647;
			dstPath = "";
			dstSubfolderSpec = 13;
			files = (
				135E78791EC5D0E400886E54 /* CleverNotePickerFileProvider.appex in Embed App Extensions */,
				135E787C1EC5D0E400886E54 /* CleverNotePicker.appex in Embed App Extensions */,
			);
			name = "Embed App Extensions";
			runOnlyForDeploymentPostprocessing = 0;
		};
/* End PBXCopyFilesBuildPhase section */

/* Begin PBXFileReference section */
		135E78621EC5D0E400886E54 /* CleverNotePicker.appex */ = {isa = PBXFileReference; explicitFileType = "wrapper.app-extension"; includeInIndex = 0; path = CleverNotePicker.appex; sourceTree = BUILT_PRODUCTS_DIR; };
		135E78651EC5D0E400886E54 /* CleverNotePicker.entitlements */ = {isa = PBXFileReference; lastKnownFileType = text.plist.entitlements; path = CleverNotePicker.entitlements; sourceTree = "<group>"; };
		135E78661EC5D0E400886E54 /* DocumentPickerViewController.swift */ = {isa = PBXFileReference; lastKnownFileType = sourcecode.swift; path = DocumentPickerViewController.swift; sourceTree = "<group>"; };
		135E78691EC5D0E400886E54 /* Base */ = {isa = PBXFileReference; lastKnownFileType = file.storyboard; name = Base; path = Base.lproj/MainInterface.storyboard; sourceTree = "<group>"; };
		135E786B1EC5D0E400886E54 /* Info.plist */ = {isa = PBXFileReference; lastKnownFileType = text.plist.xml; path = Info.plist; sourceTree = "<group>"; };
		135E78701EC5D0E400886E54 /* CleverNotePickerFileProvider.appex */ = {isa = PBXFileReference; explicitFileType = "wrapper.app-extension"; includeInIndex = 0; path = CleverNotePickerFileProvider.appex; sourceTree = BUILT_PRODUCTS_DIR; };
		135E78731EC5D0E400886E54 /* CleverNotePickerFileProvider.entitlements */ = {isa = PBXFileReference; lastKnownFileType = text.plist.entitlements; path = CleverNotePickerFileProvider.entitlements; sourceTree = "<group>"; };
		135E78741EC5D0E400886E54 /* FileProvider.swift */ = {isa = PBXFileReference; lastKnownFileType = sourcecode.swift; path = FileProvider.swift; sourceTree = "<group>"; };
		135E78761EC5D0E400886E54 /* Info.plist */ = {isa = PBXFileReference; lastKnownFileType = text.plist.xml; path = Info.plist; sourceTree = "<group>"; };
		234AD5AD1CA2CDF300D24AA9 /* CleverNote.app */ = {isa = PBXFileReference; explicitFileType = wrapper.application; includeInIndex = 0; path = CleverNote.app; sourceTree = BUILT_PRODUCTS_DIR; };
		234AD5B01CA2CDF300D24AA9 /* AppDelegate.swift */ = {isa = PBXFileReference; lastKnownFileType = sourcecode.swift; path = AppDelegate.swift; sourceTree = "<group>"; };
		234AD5B51CA2CDF300D24AA9 /* Base */ = {isa = PBXFileReference; lastKnownFileType = file.storyboard; name = Base; path = Base.lproj/Main.storyboard; sourceTree = "<group>"; };
		234AD5B71CA2CDF300D24AA9 /* Assets.xcassets */ = {isa = PBXFileReference; lastKnownFileType = folder.assetcatalog; path = Assets.xcassets; sourceTree = "<group>"; };
		234AD5BA1CA2CDF300D24AA9 /* Base */ = {isa = PBXFileReference; lastKnownFileType = file.storyboard; name = Base; path = Base.lproj/LaunchScreen.storyboard; sourceTree = "<group>"; };
		234AD5BC1CA2CDF300D24AA9 /* Info.plist */ = {isa = PBXFileReference; lastKnownFileType = text.plist.xml; path = Info.plist; sourceTree = "<group>"; };
		234AD5C21CA2CE5200D24AA9 /* NotesTableViewController.swift */ = {isa = PBXFileReference; fileEncoding = 4; indentWidth = 2; lastKnownFileType = sourcecode.swift; path = NotesTableViewController.swift; sourceTree = "<group>"; tabWidth = 2; };
		234AD5C41CA2D01A00D24AA9 /* NoteViewController.swift */ = {isa = PBXFileReference; fileEncoding = 4; indentWidth = 2; lastKnownFileType = sourcecode.swift; path = NoteViewController.swift; sourceTree = "<group>"; tabWidth = 2; };
		234AD5C61CA2D07A00D24AA9 /* Note.swift */ = {isa = PBXFileReference; fileEncoding = 4; indentWidth = 2; lastKnownFileType = sourcecode.swift; path = Note.swift; sourceTree = "<group>"; tabWidth = 2; };
		23ECFE671CA30E3A00E8529D /* CleverNote.entitlements */ = {isa = PBXFileReference; lastKnownFileType = text.xml; path = CleverNote.entitlements; sourceTree = "<group>"; };
/* End PBXFileReference section */

/* Begin PBXFrameworksBuildPhase section */
		135E785F1EC5D0E400886E54 /* Frameworks */ = {
			isa = PBXFrameworksBuildPhase;
			buildActionMask = 2147483647;
			files = (
			);
			runOnlyForDeploymentPostprocessing = 0;
		};
		135E786D1EC5D0E400886E54 /* Frameworks */ = {
			isa = PBXFrameworksBuildPhase;
			buildActionMask = 2147483647;
			files = (
			);
			runOnlyForDeploymentPostprocessing = 0;
		};
		234AD5AA1CA2CDF300D24AA9 /* Frameworks */ = {
			isa = PBXFrameworksBuildPhase;
			buildActionMask = 2147483647;
			files = (
			);
			runOnlyForDeploymentPostprocessing = 0;
		};
/* End PBXFrameworksBuildPhase section */

/* Begin PBXGroup section */
		135E78631EC5D0E400886E54 /* CleverNotePicker */ = {
			isa = PBXGroup;
			children = (
				135E78661EC5D0E400886E54 /* DocumentPickerViewController.swift */,
				135E78681EC5D0E400886E54 /* MainInterface.storyboard */,
				135E786B1EC5D0E400886E54 /* Info.plist */,
				135E78641EC5D0E400886E54 /* Supporting Files */,
			);
			path = CleverNotePicker;
			sourceTree = "<group>";
		};
		135E78641EC5D0E400886E54 /* Supporting Files */ = {
			isa = PBXGroup;
			children = (
				135E78651EC5D0E400886E54 /* CleverNotePicker.entitlements */,
			);
			name = "Supporting Files";
			sourceTree = "<group>";
		};
		135E78711EC5D0E400886E54 /* CleverNotePickerFileProvider */ = {
			isa = PBXGroup;
			children = (
				135E78741EC5D0E400886E54 /* FileProvider.swift */,
				135E78761EC5D0E400886E54 /* Info.plist */,
				135E78721EC5D0E400886E54 /* Supporting Files */,
			);
			path = CleverNotePickerFileProvider;
			sourceTree = "<group>";
		};
		135E78721EC5D0E400886E54 /* Supporting Files */ = {
			isa = PBXGroup;
			children = (
				135E78731EC5D0E400886E54 /* CleverNotePickerFileProvider.entitlements */,
			);
			name = "Supporting Files";
			sourceTree = "<group>";
		};
		234AD5A41CA2CDF300D24AA9 = {
			isa = PBXGroup;
			children = (
				234AD5AF1CA2CDF300D24AA9 /* CleverNote */,
				135E78631EC5D0E400886E54 /* CleverNotePicker */,
				135E78711EC5D0E400886E54 /* CleverNotePickerFileProvider */,
				234AD5AE1CA2CDF300D24AA9 /* Products */,
			);
			sourceTree = "<group>";
			wrapsLines = 1;
		};
		234AD5AE1CA2CDF300D24AA9 /* Products */ = {
			isa = PBXGroup;
			children = (
				234AD5AD1CA2CDF300D24AA9 /* CleverNote.app */,
				135E78621EC5D0E400886E54 /* CleverNotePicker.appex */,
				135E78701EC5D0E400886E54 /* CleverNotePickerFileProvider.appex */,
			);
			name = Products;
			sourceTree = "<group>";
		};
		234AD5AF1CA2CDF300D24AA9 /* CleverNote */ = {
			isa = PBXGroup;
			children = (
				234AD5B71CA2CDF300D24AA9 /* Assets.xcassets */,
				23ECFE671CA30E3A00E8529D /* CleverNote.entitlements */,
				234AD5CA1CA2E34000D24AA9 /* Model */,
				95813EA11CC2AFE60055CA0E /* Storyboards */,
				95813EA21CC2AFFE0055CA0E /* SupportFiles */,
				234AD5CB1CA2E34E00D24AA9 /* View Controllers */,
			);
			path = CleverNote;
			sourceTree = "<group>";
		};
		234AD5CA1CA2E34000D24AA9 /* Model */ = {
			isa = PBXGroup;
			children = (
				234AD5C61CA2D07A00D24AA9 /* Note.swift */,
			);
			name = Model;
			sourceTree = "<group>";
		};
		234AD5CB1CA2E34E00D24AA9 /* View Controllers */ = {
			isa = PBXGroup;
			children = (
				234AD5C41CA2D01A00D24AA9 /* NoteViewController.swift */,
				234AD5C21CA2CE5200D24AA9 /* NotesTableViewController.swift */,
			);
			name = "View Controllers";
			sourceTree = "<group>";
		};
		95813EA11CC2AFE60055CA0E /* Storyboards */ = {
			isa = PBXGroup;
			children = (
				234AD5B91CA2CDF300D24AA9 /* LaunchScreen.storyboard */,
				234AD5B41CA2CDF300D24AA9 /* Main.storyboard */,
			);
			name = Storyboards;
			sourceTree = "<group>";
		};
		95813EA21CC2AFFE0055CA0E /* SupportFiles */ = {
			isa = PBXGroup;
			children = (
				234AD5B01CA2CDF300D24AA9 /* AppDelegate.swift */,
				234AD5BC1CA2CDF300D24AA9 /* Info.plist */,
			);
			name = SupportFiles;
			sourceTree = "<group>";
		};
/* End PBXGroup section */

/* Begin PBXNativeTarget section */
		135E78611EC5D0E400886E54 /* CleverNotePicker */ = {
			isa = PBXNativeTarget;
			buildConfigurationList = 135E78821EC5D0E400886E54 /* Build configuration list for PBXNativeTarget "CleverNotePicker" */;
			buildPhases = (
				135E785E1EC5D0E400886E54 /* Sources */,
				135E785F1EC5D0E400886E54 /* Frameworks */,
				135E78601EC5D0E400886E54 /* Resources */,
			);
			buildRules = (
			);
			dependencies = (
			);
			name = CleverNotePicker;
			productName = CleverNotePicker;
			productReference = 135E78621EC5D0E400886E54 /* CleverNotePicker.appex */;
			productType = "com.apple.product-type.app-extension";
		};
		135E786F1EC5D0E400886E54 /* CleverNotePickerFileProvider */ = {
			isa = PBXNativeTarget;
			buildConfigurationList = 135E78811EC5D0E400886E54 /* Build configuration list for PBXNativeTarget "CleverNotePickerFileProvider" */;
			buildPhases = (
				135E786C1EC5D0E400886E54 /* Sources */,
				135E786D1EC5D0E400886E54 /* Frameworks */,
				135E786E1EC5D0E400886E54 /* Resources */,
			);
			buildRules = (
			);
			dependencies = (
			);
			name = CleverNotePickerFileProvider;
			productName = CleverNotePickerFileProvider;
			productReference = 135E78701EC5D0E400886E54 /* CleverNotePickerFileProvider.appex */;
			productType = "com.apple.product-type.app-extension";
		};
		234AD5AC1CA2CDF300D24AA9 /* CleverNote */ = {
			isa = PBXNativeTarget;
			buildConfigurationList = 234AD5BF1CA2CDF300D24AA9 /* Build configuration list for PBXNativeTarget "CleverNote" */;
			buildPhases = (
				234AD5A91CA2CDF300D24AA9 /* Sources */,
				234AD5AA1CA2CDF300D24AA9 /* Frameworks */,
				234AD5AB1CA2CDF300D24AA9 /* Resources */,
				234AD5F11CA2E4A200D24AA9 /* Embed App Extensions */,
			);
			buildRules = (
			);
			dependencies = (
				135E78781EC5D0E400886E54 /* PBXTargetDependency */,
				135E787B1EC5D0E400886E54 /* PBXTargetDependency */,
			);
			name = CleverNote;
			productName = CleverNote;
			productReference = 234AD5AD1CA2CDF300D24AA9 /* CleverNote.app */;
			productType = "com.apple.product-type.application";
		};
/* End PBXNativeTarget section */

/* Begin PBXProject section */
		234AD5A51CA2CDF300D24AA9 /* Project object */ = {
			isa = PBXProject;
			attributes = {
				LastSwiftUpdateCheck = 0830;
				LastUpgradeCheck = 0800;
				ORGANIZATIONNAME = "Dave Krawczyk";
				TargetAttributes = {
					135E78611EC5D0E400886E54 = {
						CreatedOnToolsVersion = 8.3.2;
						DevelopmentTeam = RF7N2574KF;
						ProvisioningStyle = Automatic;
					};
					135E786F1EC5D0E400886E54 = {
						CreatedOnToolsVersion = 8.3.2;
						DevelopmentTeam = RF7N2574KF;
						ProvisioningStyle = Automatic;
						SystemCapabilities = {
							com.apple.ApplicationGroups.iOS = {
								enabled = 1;
							};
						};
					};
					234AD5AC1CA2CDF300D24AA9 = {
						CreatedOnToolsVersion = 7.3;
						DevelopmentTeam = RF7N2574KF;
						LastSwiftMigration = 0800;
						SystemCapabilities = {
							com.apple.ApplicationGroups.iOS = {
								enabled = 1;
							};
							com.apple.iCloud = {
								enabled = 1;
							};
						};
					};
				};
			};
			buildConfigurationList = 234AD5A81CA2CDF300D24AA9 /* Build configuration list for PBXProject "CleverNote" */;
			compatibilityVersion = "Xcode 3.2";
			developmentRegion = English;
			hasScannedForEncodings = 0;
			knownRegions = (
				en,
				Base,
			);
			mainGroup = 234AD5A41CA2CDF300D24AA9;
			productRefGroup = 234AD5AE1CA2CDF300D24AA9 /* Products */;
			projectDirPath = "";
			projectRoot = "";
			targets = (
				234AD5AC1CA2CDF300D24AA9 /* CleverNote */,
				135E78611EC5D0E400886E54 /* CleverNotePicker */,
				135E786F1EC5D0E400886E54 /* CleverNotePickerFileProvider */,
			);
		};
/* End PBXProject section */

/* Begin PBXResourcesBuildPhase section */
		135E78601EC5D0E400886E54 /* Resources */ = {
			isa = PBXResourcesBuildPhase;
			buildActionMask = 2147483647;
			files = (
				135E786A1EC5D0E400886E54 /* MainInterface.storyboard in Resources */,
			);
			runOnlyForDeploymentPostprocessing = 0;
		};
		135E786E1EC5D0E400886E54 /* Resources */ = {
			isa = PBXResourcesBuildPhase;
			buildActionMask = 2147483647;
			files = (
			);
			runOnlyForDeploymentPostprocessing = 0;
		};
		234AD5AB1CA2CDF300D24AA9 /* Resources */ = {
			isa = PBXResourcesBuildPhase;
			buildActionMask = 2147483647;
			files = (
				234AD5BB1CA2CDF300D24AA9 /* LaunchScreen.storyboard in Resources */,
				234AD5B81CA2CDF300D24AA9 /* Assets.xcassets in Resources */,
				234AD5B61CA2CDF300D24AA9 /* Main.storyboard in Resources */,
			);
			runOnlyForDeploymentPostprocessing = 0;
		};
/* End PBXResourcesBuildPhase section */

/* Begin PBXSourcesBuildPhase section */
		135E785E1EC5D0E400886E54 /* Sources */ = {
			isa = PBXSourcesBuildPhase;
			buildActionMask = 2147483647;
			files = (
				135E78671EC5D0E400886E54 /* DocumentPickerViewController.swift in Sources */,
				135E78831EC5D24400886E54 /* Note.swift in Sources */,
			);
			runOnlyForDeploymentPostprocessing = 0;
		};
		135E786C1EC5D0E400886E54 /* Sources */ = {
			isa = PBXSourcesBuildPhase;
			buildActionMask = 2147483647;
			files = (
				135E78751EC5D0E400886E54 /* FileProvider.swift in Sources */,
				135E78841EC5D24500886E54 /* Note.swift in Sources */,
			);
			runOnlyForDeploymentPostprocessing = 0;
		};
		234AD5A91CA2CDF300D24AA9 /* Sources */ = {
			isa = PBXSourcesBuildPhase;
			buildActionMask = 2147483647;
			files = (
				234AD5C31CA2CE5200D24AA9 /* NotesTableViewController.swift in Sources */,
				234AD5C51CA2D01A00D24AA9 /* NoteViewController.swift in Sources */,
				234AD5B11CA2CDF300D24AA9 /* AppDelegate.swift in Sources */,
				234AD5C71CA2D07A00D24AA9 /* Note.swift in Sources */,
			);
			runOnlyForDeploymentPostprocessing = 0;
		};
/* End PBXSourcesBuildPhase section */

/* Begin PBXTargetDependency section */
		135E78781EC5D0E400886E54 /* PBXTargetDependency */ = {
			isa = PBXTargetDependency;
			target = 135E786F1EC5D0E400886E54 /* CleverNotePickerFileProvider */;
			targetProxy = 135E78771EC5D0E400886E54 /* PBXContainerItemProxy */;
		};
		135E787B1EC5D0E400886E54 /* PBXTargetDependency */ = {
			isa = PBXTargetDependency;
			target = 135E78611EC5D0E400886E54 /* CleverNotePicker */;
			targetProxy = 135E787A1EC5D0E400886E54 /* PBXContainerItemProxy */;
		};
/* End PBXTargetDependency section */

/* Begin PBXVariantGroup section */
		135E78681EC5D0E400886E54 /* MainInterface.storyboard */ = {
			isa = PBXVariantGroup;
			children = (
				135E78691EC5D0E400886E54 /* Base */,
			);
			name = MainInterface.storyboard;
			sourceTree = "<group>";
		};
		234AD5B41CA2CDF300D24AA9 /* Main.storyboard */ = {
			isa = PBXVariantGroup;
			children = (
				234AD5B51CA2CDF300D24AA9 /* Base */,
			);
			name = Main.storyboard;
			sourceTree = "<group>";
		};
		234AD5B91CA2CDF300D24AA9 /* LaunchScreen.storyboard */ = {
			isa = PBXVariantGroup;
			children = (
				234AD5BA1CA2CDF300D24AA9 /* Base */,
			);
			name = LaunchScreen.storyboard;
			sourceTree = "<group>";
		};
/* End PBXVariantGroup section */

/* Begin XCBuildConfiguration section */
		135E787D1EC5D0E400886E54 /* Debug */ = {
			isa = XCBuildConfiguration;
			buildSettings = {
				CLANG_ANALYZER_NUMBER_OBJECT_CONVERSION = YES_AGGRESSIVE;
				CLANG_WARN_DOCUMENTATION_COMMENTS = YES;
				CODE_SIGN_ENTITLEMENTS = CleverNotePicker/CleverNotePicker.entitlements;
				CODE_SIGN_IDENTITY = "iPhone Developer";
				DEVELOPMENT_TEAM = RF7N2574KF;
				INFOPLIST_FILE = CleverNotePicker/Info.plist;
				IPHONEOS_DEPLOYMENT_TARGET = 10.3;
				LD_RUNPATH_SEARCH_PATHS = "$(inherited) @executable_path/Frameworks @executable_path/../../Frameworks";
				PRODUCT_BUNDLE_IDENTIFIER = com.DocumentPickerDemo.CleverNote.CleverNotePicker;
				PRODUCT_NAME = "$(TARGET_NAME)";
				SKIP_INSTALL = YES;
				SWIFT_ACTIVE_COMPILATION_CONDITIONS = DEBUG;
				SWIFT_VERSION = 3.0;
			};
			name = Debug;
		};
		135E787E1EC5D0E400886E54 /* Release */ = {
			isa = XCBuildConfiguration;
			buildSettings = {
				CLANG_ANALYZER_NUMBER_OBJECT_CONVERSION = YES_AGGRESSIVE;
				CLANG_WARN_DOCUMENTATION_COMMENTS = YES;
				CODE_SIGN_ENTITLEMENTS = CleverNotePicker/CleverNotePicker.entitlements;
				CODE_SIGN_IDENTITY = "iPhone Developer";
				DEVELOPMENT_TEAM = RF7N2574KF;
				INFOPLIST_FILE = CleverNotePicker/Info.plist;
				IPHONEOS_DEPLOYMENT_TARGET = 10.3;
				LD_RUNPATH_SEARCH_PATHS = "$(inherited) @executable_path/Frameworks @executable_path/../../Frameworks";
				PRODUCT_BUNDLE_IDENTIFIER = com.DocumentPickerDemo.CleverNote.CleverNotePicker;
				PRODUCT_NAME = "$(TARGET_NAME)";
				SKIP_INSTALL = YES;
				SWIFT_VERSION = 3.0;
			};
			name = Release;
		};
		135E787F1EC5D0E400886E54 /* Debug */ = {
			isa = XCBuildConfiguration;
			buildSettings = {
				CLANG_ANALYZER_NUMBER_OBJECT_CONVERSION = YES_AGGRESSIVE;
				CLANG_WARN_DOCUMENTATION_COMMENTS = YES;
				CODE_SIGN_ENTITLEMENTS = CleverNotePickerFileProvider/CleverNotePickerFileProvider.entitlements;
				CODE_SIGN_IDENTITY = "iPhone Developer";
				DEVELOPMENT_TEAM = RF7N2574KF;
				INFOPLIST_FILE = CleverNotePickerFileProvider/Info.plist;
				IPHONEOS_DEPLOYMENT_TARGET = 10.3;
				LD_RUNPATH_SEARCH_PATHS = "$(inherited) @executable_path/Frameworks @executable_path/../../Frameworks";
				PRODUCT_BUNDLE_IDENTIFIER = com.DocumentPickerDemo.CleverNote.CleverNotePickerFileProvider;
				PRODUCT_NAME = "$(TARGET_NAME)";
				SKIP_INSTALL = YES;
				SWIFT_ACTIVE_COMPILATION_CONDITIONS = DEBUG;
				SWIFT_VERSION = 3.0;
			};
			name = Debug;
		};
		135E78801EC5D0E400886E54 /* Release */ = {
			isa = XCBuildConfiguration;
			buildSettings = {
				CLANG_ANALYZER_NUMBER_OBJECT_CONVERSION = YES_AGGRESSIVE;
				CLANG_WARN_DOCUMENTATION_COMMENTS = YES;
				CODE_SIGN_ENTITLEMENTS = CleverNotePickerFileProvider/CleverNotePickerFileProvider.entitlements;
				CODE_SIGN_IDENTITY = "iPhone Developer";
				DEVELOPMENT_TEAM = RF7N2574KF;
				INFOPLIST_FILE = CleverNotePickerFileProvider/Info.plist;
				IPHONEOS_DEPLOYMENT_TARGET = 10.3;
				LD_RUNPATH_SEARCH_PATHS = "$(inherited) @executable_path/Frameworks @executable_path/../../Frameworks";
				PRODUCT_BUNDLE_IDENTIFIER = com.DocumentPickerDemo.CleverNote.CleverNotePickerFileProvider;
				PRODUCT_NAME = "$(TARGET_NAME)";
				SKIP_INSTALL = YES;
				SWIFT_VERSION = 3.0;
			};
			name = Release;
		};
		234AD5BD1CA2CDF300D24AA9 /* Debug */ = {
			isa = XCBuildConfiguration;
			buildSettings = {
				ALWAYS_SEARCH_USER_PATHS = NO;
				CLANG_ANALYZER_NONNULL = YES;
				CLANG_CXX_LANGUAGE_STANDARD = "gnu++0x";
				CLANG_CXX_LIBRARY = "libc++";
				CLANG_ENABLE_MODULES = YES;
				CLANG_ENABLE_OBJC_ARC = YES;
				CLANG_WARN_BOOL_CONVERSION = YES;
				CLANG_WARN_CONSTANT_CONVERSION = YES;
				CLANG_WARN_DIRECT_OBJC_ISA_USAGE = YES_ERROR;
				CLANG_WARN_EMPTY_BODY = YES;
				CLANG_WARN_ENUM_CONVERSION = YES;
				CLANG_WARN_INFINITE_RECURSION = YES;
				CLANG_WARN_INT_CONVERSION = YES;
				CLANG_WARN_OBJC_ROOT_CLASS = YES_ERROR;
				CLANG_WARN_SUSPICIOUS_MOVE = YES;
				CLANG_WARN_UNREACHABLE_CODE = YES;
				CLANG_WARN__DUPLICATE_METHOD_MATCH = YES;
				"CODE_SIGN_IDENTITY[sdk=iphoneos*]" = "iPhone Developer";
				COPY_PHASE_STRIP = NO;
				DEBUG_INFORMATION_FORMAT = dwarf;
				ENABLE_STRICT_OBJC_MSGSEND = YES;
				ENABLE_TESTABILITY = YES;
				GCC_C_LANGUAGE_STANDARD = gnu99;
				GCC_DYNAMIC_NO_PIC = NO;
				GCC_NO_COMMON_BLOCKS = YES;
				GCC_OPTIMIZATION_LEVEL = 0;
				GCC_PREPROCESSOR_DEFINITIONS = (
					"DEBUG=1",
					"$(inherited)",
				);
				GCC_WARN_64_TO_32_BIT_CONVERSION = YES;
				GCC_WARN_ABOUT_RETURN_TYPE = YES_ERROR;
				GCC_WARN_UNDECLARED_SELECTOR = YES;
				GCC_WARN_UNINITIALIZED_AUTOS = YES_AGGRESSIVE;
				GCC_WARN_UNUSED_FUNCTION = YES;
				GCC_WARN_UNUSED_VARIABLE = YES;
				IPHONEOS_DEPLOYMENT_TARGET = 9.3;
				MTL_ENABLE_DEBUG_INFO = YES;
				ONLY_ACTIVE_ARCH = YES;
				SDKROOT = iphoneos;
				SWIFT_OPTIMIZATION_LEVEL = "-Onone";
			};
			name = Debug;
		};
		234AD5BE1CA2CDF300D24AA9 /* Release */ = {
			isa = XCBuildConfiguration;
			buildSettings = {
				ALWAYS_SEARCH_USER_PATHS = NO;
				CLANG_ANALYZER_NONNULL = YES;
				CLANG_CXX_LANGUAGE_STANDARD = "gnu++0x";
				CLANG_CXX_LIBRARY = "libc++";
				CLANG_ENABLE_MODULES = YES;
				CLANG_ENABLE_OBJC_ARC = YES;
				CLANG_WARN_BOOL_CONVERSION = YES;
				CLANG_WARN_CONSTANT_CONVERSION = YES;
				CLANG_WARN_DIRECT_OBJC_ISA_USAGE = YES_ERROR;
				CLANG_WARN_EMPTY_BODY = YES;
				CLANG_WARN_ENUM_CONVERSION = YES;
				CLANG_WARN_INFINITE_RECURSION = YES;
				CLANG_WARN_INT_CONVERSION = YES;
				CLANG_WARN_OBJC_ROOT_CLASS = YES_ERROR;
				CLANG_WARN_SUSPICIOUS_MOVE = YES;
				CLANG_WARN_UNREACHABLE_CODE = YES;
				CLANG_WARN__DUPLICATE_METHOD_MATCH = YES;
				"CODE_SIGN_IDENTITY[sdk=iphoneos*]" = "iPhone Developer";
				COPY_PHASE_STRIP = NO;
				DEBUG_INFORMATION_FORMAT = "dwarf-with-dsym";
				ENABLE_NS_ASSERTIONS = NO;
				ENABLE_STRICT_OBJC_MSGSEND = YES;
				GCC_C_LANGUAGE_STANDARD = gnu99;
				GCC_NO_COMMON_BLOCKS = YES;
				GCC_WARN_64_TO_32_BIT_CONVERSION = YES;
				GCC_WARN_ABOUT_RETURN_TYPE = YES_ERROR;
				GCC_WARN_UNDECLARED_SELECTOR = YES;
				GCC_WARN_UNINITIALIZED_AUTOS = YES_AGGRESSIVE;
				GCC_WARN_UNUSED_FUNCTION = YES;
				GCC_WARN_UNUSED_VARIABLE = YES;
				IPHONEOS_DEPLOYMENT_TARGET = 9.3;
				MTL_ENABLE_DEBUG_INFO = NO;
				SDKROOT = iphoneos;
				SWIFT_OPTIMIZATION_LEVEL = "-Owholemodule";
				VALIDATE_PRODUCT = YES;
			};
			name = Release;
		};
		234AD5C01CA2CDF300D24AA9 /* Debug */ = {
			isa = XCBuildConfiguration;
			buildSettings = {
				ALWAYS_EMBED_SWIFT_STANDARD_LIBRARIES = YES;
				ASSETCATALOG_COMPILER_APPICON_NAME = AppIcon;
				CODE_SIGN_ENTITLEMENTS = CleverNote/CleverNote.entitlements;
				CODE_SIGN_IDENTITY = "iPhone Developer";
				DEVELOPMENT_TEAM = RF7N2574KF;
				INFOPLIST_FILE = CleverNote/Info.plist;
				IPHONEOS_DEPLOYMENT_TARGET = 9.3;
				LD_RUNPATH_SEARCH_PATHS = "$(inherited) @executable_path/Frameworks";
				PRODUCT_BUNDLE_IDENTIFIER = com.DocumentPickerDemo.CleverNote;
				PRODUCT_NAME = "$(TARGET_NAME)";
				SWIFT_VERSION = 3.0;
			};
			name = Debug;
		};
		234AD5C11CA2CDF300D24AA9 /* Release */ = {
			isa = XCBuildConfiguration;
			buildSettings = {
				ALWAYS_EMBED_SWIFT_STANDARD_LIBRARIES = YES;
				ASSETCATALOG_COMPILER_APPICON_NAME = AppIcon;
				CODE_SIGN_ENTITLEMENTS = CleverNote/CleverNote.entitlements;
				CODE_SIGN_IDENTITY = "iPhone Developer";
				DEVELOPMENT_TEAM = RF7N2574KF;
				INFOPLIST_FILE = CleverNote/Info.plist;
				IPHONEOS_DEPLOYMENT_TARGET = 9.3;
				LD_RUNPATH_SEARCH_PATHS = "$(inherited) @executable_path/Frameworks";
				PRODUCT_BUNDLE_IDENTIFIER = com.DocumentPickerDemo.CleverNote;
				PRODUCT_NAME = "$(TARGET_NAME)";
				SWIFT_VERSION = 3.0;
			};
			name = Release;
		};
/* End XCBuildConfiguration section */

/* Begin XCConfigurationList section */
		135E78811EC5D0E400886E54 /* Build configuration list for PBXNativeTarget "CleverNotePickerFileProvider" */ = {
			isa = XCConfigurationList;
			buildConfigurations = (
				135E787F1EC5D0E400886E54 /* Debug */,
				135E78801EC5D0E400886E54 /* Release */,
			);
			defaultConfigurationIsVisible = 0;
			defaultConfigurationName = Release;
		};
		135E78821EC5D0E400886E54 /* Build configuration list for PBXNativeTarget "CleverNotePicker" */ = {
			isa = XCConfigurationList;
			buildConfigurations = (
				135E787D1EC5D0E400886E54 /* Debug */,
				135E787E1EC5D0E400886E54 /* Release */,
			);
			defaultConfigurationIsVisible = 0;
			defaultConfigurationName = Release;
		};
		234AD5A81CA2CDF300D24AA9 /* Build configuration list for PBXProject "CleverNote" */ = {
			isa = XCConfigurationList;
			buildConfigurations = (
				234AD5BD1CA2CDF300D24AA9 /* Debug */,
				234AD5BE1CA2CDF300D24AA9 /* Release */,
			);
			defaultConfigurationIsVisible = 0;
			defaultConfigurationName = Release;
		};
		234AD5BF1CA2CDF300D24AA9 /* Build configuration list for PBXNativeTarget "CleverNote" */ = {
			isa = XCConfigurationList;
			buildConfigurations = (
				234AD5C01CA2CDF300D24AA9 /* Debug */,
				234AD5C11CA2CDF300D24AA9 /* Release */,
			);
			defaultConfigurationIsVisible = 0;
			defaultConfigurationName = Release;
		};
/* End XCConfigurationList section */
	};
	rootObject = 234AD5A51CA2CDF300D24AA9 /* Project object */;
}
